{
  "name": "pi-filechanges",
  "lockfileVersion": 3,
  "requires": true,
  "packages": {
    "": {
      "name": "pi-filechanges",
      "dependencies": {
        "diff": "^9.0.0"
      }
    },
    "node_modules/diff": {
      "version": "9.0.0",
      "resolved": "https://registry.npmjs.org/diff/-/diff-9.0.0.tgz",
      "integrity": "sha512-svtcdpS8CgJyqAjEQIXdb3OjhFVVYjzGAPO8WGCmRbrml64SPw/jJD4GoE98aR7r25A0XcgrK3F02yw9R/vhQw==",
      "license": "BSD-3-Clause",
      "engines": {
        "node": ">=0.3.1"
      }
    }
  }
}
